dependencies:
  espressif/esp_websocket_client:
    dependencies: []
    source:
      path: /home/apa/projects/esp/hajo/components/espressif__esp_websocket_client
      type: local
    version: 1.2.3
  espressif/mdns:
    component_hash: 29e47564b1a7ee778135e17fbbf2a2773f71c97ebabfe626c8eda7c958a7ad16
    dependencies:
    - name: idf
      require: private
      version: '>=5.0'
    source:
      registry_url: https://components.espressif.com/
      type: service
    version: 1.9.1
  espressif/mpu6050:
    component_hash: d69219ccb141372b863c511749ffbeab28417ac71c205d7ed7030c308e1b6832
    dependencies:
    - name: idf
      require: private
      version: '>=4.0'
    source:
      registry_url: https://components.espressif.com/
      type: service
    version: 1.2.0
  idf:
    source:
      type: idf
    version: 5.4.3
direct_dependencies:
- espressif/esp_websocket_client
- espressif/mdns
- espressif/mpu6050
- idf
manifest_hash: 70cc299d6ddb37036556bb2114f48f88962f75945f4f73028119ef2006d6f540
target: esp32s2
version: 2.0.0
